# This file is autogenerated, do not edit; changes may be undone by the next 'dep ensure'.


[[projects]]
  branch = "patches"
  digest = "1:c99abbfbf13f4e6c5731a4f9fdf94f20beac7a5961095923c0e927498006656a"
  name = "github.com/ProtonMail/ui"
  packages = ["."]
  pruneopts = "UT"
  revision = "e2f5304f29b1e0d151c388112a675fd8addc2fc2"

[[projects]]
  digest = "1:2c2e9d874c100424d18d6d1cc4bf9f52b3bb97944c462ca05cef5d60b96da55f"
  name = "github.com/go-gormigrate/gormigrate"
  packages = ["."]
  pruneopts = "UT"
  revision = "21b0b93e8253d575d9185974835423f98d30158d"
  version = "v1.2.0"

[[projects]]
  digest = "1:43dd08a10854b2056e615d1b1d22ac94559d822e1f8b6fcc92c1a1057e85188e"
  name = "github.com/gorilla/websocket"
  packages = ["."]
  pruneopts = "UT"
  revision = "ea4d1f681babbce9545c9c5f3d5194a789c89f5b"
  version = "v1.2.0"

[[projects]]
  digest = "1:528c29983014997c16c76382d87e2518581787ee2d461edb61a80320714c160d"
  name = "github.com/jinzhu/gorm"
  packages = [
    ".",
    "dialects/postgres",
  ]
  pruneopts = "UT"
  revision = "6ed508ec6a4ecb3531899a69cbc746ccf65a4166"
  version = "v1.9.1"

[[projects]]
  branch = "master"
  digest = "1:fd97437fbb6b7dce04132cf06775bd258cce305c44add58eb55ca86c6c325160"
  name = "github.com/jinzhu/inflection"
  packages = ["."]
  pruneopts = "UT"
  revision = "04140366298a54a039076d798123ffa108fff46c"

[[projects]]
  branch = "master"
  digest = "1:defb20f3cbe2ee567752a32f4f5a41ed22d648654545147fb5c94e28beec3fca"
  name = "github.com/lib/pq"
  packages = [
    ".",
    "hstore",
    "oid",
  ]
  pruneopts = "UT"
  revision = "90697d60dd844d5ef6ff15135d0203f65d2f53b8"

[solve-meta]
  analyzer-name = "dep"
  analyzer-version = 1
  input-imports = [
    "github.com/ProtonMail/ui",
    "github.com/go-gormigrate/gormigrate",
    "github.com/gorilla/websocket",
    "github.com/jinzhu/gorm",
    "github.com/jinzhu/gorm/dialects/postgres",
  ]
  solver-name = "gps-cdcl"
  solver-version = 1
